
Microsoft Visual Studio Solution File, Format Version 12.00
# Visual Studio Version 16
VisualStudioVersion = 16.0.30615.102
MinimumVisualStudioVersion = 10.0.40219.1
Project("{FAE04EC0-301F-11D3-BF4B-00C04F79EFBC}") = "TuringMachine", "TuringMachine\TuringMachine.csproj", "{C9B2D3CC-DBA1-4A73-B3DD-E2C00CADF62F}"
EndProject
Global
	GlobalSection(SolutionConfigurationPlatforms) = preSolution
		Debug|Any CPU = Debug|Any CPU
		Release|Any CPU = Release|Any CPU
	EndGlobalSection
	GlobalSection(ProjectConfigurationPlatforms) = postSolution
		{C9B2D3CC-DBA1-4A73-B3DD-E2C00CADF62F}.Debug|Any CPU.ActiveCfg = Debug|Any CPU
		{C9B2D3CC-DBA1-4A73-B3DD-E2C00CADF62F}.Debug|Any CPU.Build.0 = Debug|Any CPU
		{C9B2D3CC-DBA1-4A73-B3DD-E2C00CADF62F}.Release|Any CPU.ActiveCfg = Release|Any CPU
		{C9B2D3CC-DBA1-4A73-B3DD-E2C00CADF62F}.Release|Any CPU.Build.0 = Release|Any CPU
	EndGlobalSection
	GlobalSection(SolutionProperties) = preSolution
		HideSolutionNode = FALSE
	EndGlobalSection
	GlobalSection(ExtensibilityGlobals) = postSolution
		SolutionGuid = {4A8D936E-4333-41AF-BEF5-57673B570E67}
	EndGlobalSection
EndGlobal
